
Microsoft Visual Studio Solution File, Format Version 10.00
# Visual Studio 2008
Project("{FAE04EC0-301F-11D3-BF4B-00C04F79EFBC}") = "test", "test\test.csproj", "{60A4BC4A-257A-4512-A32C-5308CF2C60D4}"
EndProject
Project("{FAE04EC0-301F-11D3-BF4B-00C04F79EFBC}") = "EpocData", "..\..\EpocFile\EpocData.csproj", "{81C1A4D6-F50E-46F9-AD1C-DADE9F0A63CF}"
EndProject
Global
	GlobalSection(SolutionConfigurationPlatforms) = preSolution
		Debug|Any CPU = Debug|Any CPU
		Release|Any CPU = Release|Any CPU
	EndGlobalSection
	GlobalSection(ProjectConfigurationPlatforms) = postSolution
		{60A4BC4A-257A-4512-A32C-5308CF2C60D4}.Debug|Any CPU.ActiveCfg = Debug|Any CPU
		{60A4BC4A-257A-4512-A32C-5308CF2C60D4}.Debug|Any CPU.Build.0 = Debug|Any CPU
		{60A4BC4A-257A-4512-A32C-5308CF2C60D4}.Release|Any CPU.ActiveCfg = Release|Any CPU
		{60A4BC4A-257A-4512-A32C-5308CF2C60D4}.Release|Any CPU.Build.0 = Release|Any CPU
		{81C1A4D6-F50E-46F9-AD1C-DADE9F0A63CF}.Debug|Any CPU.ActiveCfg = Debug|Any CPU
		{81C1A4D6-F50E-46F9-AD1C-DADE9F0A63CF}.Debug|Any CPU.Build.0 = Debug|Any CPU
		{81C1A4D6-F50E-46F9-AD1C-DADE9F0A63CF}.Release|Any CPU.ActiveCfg = Release|Any CPU
		{81C1A4D6-F50E-46F9-AD1C-DADE9F0A63CF}.Release|Any CPU.Build.0 = Release|Any CPU
	EndGlobalSection
	GlobalSection(SolutionProperties) = preSolution
		HideSolutionNode = FALSE
	EndGlobalSection
EndGlobal
