
Microsoft Visual Studio Solution File, Format Version 9.00
# Visual Studio 2005
Project("{FAE04EC0-301F-11D3-BF4B-00C04F79EFBC}") = "Decoder", "Decoder.csproj", "{02673FFF-E1DB-41A6-AE1D-D1C34790EE39}"
EndProject
Global
	GlobalSection(SolutionConfigurationPlatforms) = preSolution
		Debug|Any CPU = Debug|Any CPU
		Release|Any CPU = Release|Any CPU
	EndGlobalSection
	GlobalSection(ProjectConfigurationPlatforms) = postSolution
		{02673FFF-E1DB-41A6-AE1D-D1C34790EE39}.Debug|Any CPU.ActiveCfg = Debug|Any CPU
		{02673FFF-E1DB-41A6-AE1D-D1C34790EE39}.Debug|Any CPU.Build.0 = Debug|Any CPU
		{02673FFF-E1DB-41A6-AE1D-D1C34790EE39}.Release|Any CPU.ActiveCfg = Release|Any CPU
		{02673FFF-E1DB-41A6-AE1D-D1C34790EE39}.Release|Any CPU.Build.0 = Release|Any CPU
	EndGlobalSection
	GlobalSection(SolutionProperties) = preSolution
		HideSolutionNode = FALSE
	EndGlobalSection
EndGlobal
